
Microsoft Visual Studio Solution File, Format Version 10.00
# Visual Studio 2008
Project("{8BC9CEB8-8B4A-11D0-8D11-00A0C91BC942}") = "Physics-Sim", "Physics-Sim\Physics-Sim.vcproj", "{49AB9F75-D13C-4187-B93A-8D49891FB3F6}"
EndProject
Global
	GlobalSection(SolutionConfigurationPlatforms) = preSolution
		Debug|Win32 = Debug|Win32
		Release|Win32 = Release|Win32
	EndGlobalSection
	GlobalSection(ProjectConfigurationPlatforms) = postSolution
		{49AB9F75-D13C-4187-B93A-8D49891FB3F6}.Debug|Win32.ActiveCfg = Debug|Win32
		{49AB9F75-D13C-4187-B93A-8D49891FB3F6}.Debug|Win32.Build.0 = Debug|Win32
		{49AB9F75-D13C-4187-B93A-8D49891FB3F6}.Release|Win32.ActiveCfg = Release|Win32
		{49AB9F75-D13C-4187-B93A-8D49891FB3F6}.Release|Win32.Build.0 = Release|Win32
	EndGlobalSection
	GlobalSection(SolutionProperties) = preSolution
		HideSolutionNode = FALSE
	EndGlobalSection
EndGlobal
